{
  "version": "4",
  "specifiers": {
    "jsr:@std/assert@1": "1.0.11",
    "jsr:@std/internal@^1.0.5": "1.0.5",
    "npm:@ai-sdk/google@^1.1.10": "1.1.10_zod@3.24.1",
    "npm:@restatedev/restate-sdk-clients@^1.4.0": "1.4.0",
    "npm:@restatedev/restate-sdk@^1.4.0": "1.4.0",
    "npm:ai@^4.1.25": "4.1.25",
    "npm:handlebars@^4.7.8": "4.7.8",
    "npm:zod@^3.24.1": "3.24.1"
  },
  "jsr": {
    "@std/assert@1.0.11": {
      "integrity": "2461ef3c368fe88bc60e186e7744a93112f16fd110022e113a0849e94d1c83c1",
      "dependencies": [
        "jsr:@std/internal"
      ]
    },
    "@std/internal@1.0.5": {
      "integrity": "54a546004f769c1ac9e025abd15a76b6671ddc9687e2313b67376125650dc7ba"
    }
  },
  "npm": {
    "@ai-sdk/google@1.1.10_zod@3.24.1": {
      "integrity": "sha512-g65cKrs2ZjpNMOD9OvE9J/Xt1SxPu00IsWn4npYe56nU4YqVydsPBG4PyUKgDr9KXdrnFEoXYmWxkJeTe/m4hA==",
      "dependencies": [
        "@ai-sdk/provider",
        "@ai-sdk/provider-utils@2.1.6_zod@3.24.1",
        "zod"
      ]
    },
    "@ai-sdk/provider-utils@2.1.6": {
      "integrity": "sha512-Pfyaj0QZS22qyVn5Iz7IXcJ8nKIKlu2MeSAdKJzTwkAks7zdLaKVB+396Rqcp1bfQnxl7vaduQVMQiXUrgK8Gw==",
      "dependencies": [
        "@ai-sdk/provider",
        "eventsource-parser",
        "nanoid",
        "secure-json-parse"
      ]
    },
    "@ai-sdk/provider-utils@2.1.6_zod@3.24.1": {
      "integrity": "sha512-Pfyaj0QZS22qyVn5Iz7IXcJ8nKIKlu2MeSAdKJzTwkAks7zdLaKVB+396Rqcp1bfQnxl7vaduQVMQiXUrgK8Gw==",
      "dependencies": [
        "@ai-sdk/provider",
        "eventsource-parser",
        "nanoid",
        "secure-json-parse",
        "zod"
      ]
    },
    "@ai-sdk/provider@1.0.7": {
      "integrity": "sha512-q1PJEZ0qD9rVR+8JFEd01/QM++csMT5UVwYXSN2u54BrVw/D8TZLTeg2FEfKK00DgAx0UtWd8XOhhwITP9BT5g==",
      "dependencies": [
        "json-schema"
      ]
    },
    "@ai-sdk/react@1.1.10": {
      "integrity": "sha512-RTkEVYKq7qO6Ct3XdVTgbaCTyjX+q1HLqb+t2YvZigimzMCQbHkpZCtt2H2Fgpt1UOTqnAAlXjEAgTW3X60Y9g==",
      "dependencies": [
        "@ai-sdk/provider-utils@2.1.6",
        "@ai-sdk/ui-utils",
        "swr",
        "throttleit"
      ]
    },
    "@ai-sdk/ui-utils@1.1.10": {
      "integrity": "sha512-x+A1Nfy8RTSatdCe+7nRpHAZVzPFB6H+r+2JKoapSvrwsu9mw2pAbmFgV8Zaj94TsmUdTlO0/j97e63f+yYuWg==",
      "dependencies": [
        "@ai-sdk/provider",
        "@ai-sdk/provider-utils@2.1.6",
        "zod-to-json-schema"
      ]
    },
    "@opentelemetry/api@1.9.0": {
      "integrity": "sha512-3giAOQvZiH5F9bMlMiv8+GSPMeqg0dbaeo58/0SlA9sxSqZhnUtxzX9/2FzyhS9sWQf5S0GJE0AKBrFqjpeYcg=="
    },
    "@restatedev/restate-sdk-clients@1.4.0": {
      "integrity": "sha512-1W+2lKE0PBpGUfXvE9bD4RnXL4DmR9pgUjiNsTRcd6KtlG05QxYKXR5yetXBm/RW2RMt85cSvl8FOc+X5jYabA==",
      "dependencies": [
        "@restatedev/restate-sdk-core"
      ]
    },
    "@restatedev/restate-sdk-core@1.4.0": {
      "integrity": "sha512-siSmtsMTCr+xxYB1cqjW0jDODzbkET1FUe+6X9txaMz8JqGLeEUdZHu6+SNtwZefFiLhvzk/f5Te3m6LTXy52Q=="
    },
    "@restatedev/restate-sdk@1.4.0": {
      "integrity": "sha512-rNiK6eoDWf6S1WIB1WEODGr0QZ3aI95/gdvZ+Lst8XqN4NKuz6vNZvGvID/SI/v2/gXMpq2XaYzYAp+BtimqDQ==",
      "dependencies": [
        "@restatedev/restate-sdk-core"
      ]
    },
    "@types/diff-match-patch@1.0.36": {
      "integrity": "sha512-xFdR6tkm0MWvBfO8xXCSsinYxHcqkQUlcHeSpMC2ukzOb6lwQAfDmW+Qt0AvlGd8HpsS28qKsB+oPeJn9I39jg=="
    },
    "ai@4.1.25": {
      "integrity": "sha512-gBdx5QqM3EK97F9/opVicP3WMHfiR0/cc96xdNnsFLpcuPBXPtm6lcK56G6ok19+NZggnVcS+KIHzFtp0aHC+g==",
      "dependencies": [
        "@ai-sdk/provider",
        "@ai-sdk/provider-utils@2.1.6",
        "@ai-sdk/react",
        "@ai-sdk/ui-utils",
        "@opentelemetry/api",
        "jsondiffpatch"
      ]
    },
    "chalk@5.4.1": {
      "integrity": "sha512-zgVZuo2WcZgfUEmsn6eO3kINexW8RAE4maiQ8QNs8CtpPCSyMiYsULR3HQYkm3w8FIA3SberyMJMSldGsW+U3w=="
    },
    "dequal@2.0.3": {
      "integrity": "sha512-0je+qPKHEMohvfRTCEo3CrPG6cAzAYgmzKyxRiYSSDkS6eGJdyVJm7WaYA5ECaAD9wLB2T4EEeymA5aFVcYXCA=="
    },
    "diff-match-patch@1.0.5": {
      "integrity": "sha512-IayShXAgj/QMXgB0IWmKx+rOPuGMhqm5w6jvFxmVenXKIzRqTAAsbBPT3kWQeGANj3jGgvcvv4yK6SxqYmikgw=="
    },
    "eventsource-parser@3.0.0": {
      "integrity": "sha512-T1C0XCUimhxVQzW4zFipdx0SficT651NnkR0ZSH3yQwh+mFMdLfgjABVi4YtMTtaL4s168593DaoaRLMqryavA=="
    },
    "handlebars@4.7.8": {
      "integrity": "sha512-vafaFqs8MZkRrSX7sFVUdo3ap/eNiLnb4IakshzvP56X5Nr1iGKAIqdX6tMlm6HcNRIkr6AxO5jFEoJzzpT8aQ==",
      "dependencies": [
        "minimist",
        "neo-async",
        "source-map",
        "uglify-js",
        "wordwrap"
      ]
    },
    "json-schema@0.4.0": {
      "integrity": "sha512-es94M3nTIfsEPisRafak+HDLfHXnKBhV3vU5eqPcS3flIWqcxJWgXHXiey3YrpaNsanY5ei1VoYEbOzijuq9BA=="
    },
    "jsondiffpatch@0.6.0": {
      "integrity": "sha512-3QItJOXp2AP1uv7waBkao5nCvhEv+QmJAd38Ybq7wNI74Q+BBmnLn4EDKz6yI9xGAIQoUF87qHt+kc1IVxB4zQ==",
      "dependencies": [
        "@types/diff-match-patch",
        "chalk",
        "diff-match-patch"
      ]
    },
    "minimist@1.2.8": {
      "integrity": "sha512-2yyAR8qBkN3YuheJanUpWC5U3bb5osDywNB8RzDVlDwDHbocAJveqqj1u8+SVD7jkWT4yvsHCpWqqWqAxb0zCA=="
    },
    "nanoid@3.3.8": {
      "integrity": "sha512-WNLf5Sd8oZxOm+TzppcYk8gVOgP+l58xNy58D0nbUnOxOWRWvlcCV4kUF7ltmI6PsrLl/BgKEyS4mqsGChFN0w=="
    },
    "neo-async@2.6.2": {
      "integrity": "sha512-Yd3UES5mWCSqR+qNT93S3UoYUkqAZ9lLg8a7g9rimsWmYGK8cVToA4/sF3RrshdyV3sAGMXVUmpMYOw+dLpOuw=="
    },
    "react@19.0.0": {
      "integrity": "sha512-V8AVnmPIICiWpGfm6GLzCR/W5FXLchHop40W4nXBmdlEceh16rCN8O8LNWm5bh5XUX91fh7KpA+W0TgMKmgTpQ=="
    },
    "secure-json-parse@2.7.0": {
      "integrity": "sha512-6aU+Rwsezw7VR8/nyvKTx8QpWH9FrcYiXXlqC4z5d5XQBDRqtbfsRjnwGyqbi3gddNtWHuEk9OANUotL26qKUw=="
    },
    "source-map@0.6.1": {
      "integrity": "sha512-UjgapumWlbMhkBgzT7Ykc5YXUT46F0iKu8SGXq0bcwP5dz/h0Plj6enJqjz1Zbq2l5WaqYnrVbwWOWMyF3F47g=="
    },
    "swr@2.3.2_react@19.0.0": {
      "integrity": "sha512-RosxFpiabojs75IwQ316DGoDRmOqtiAj0tg8wCcbEu4CiLZBs/a9QNtHV7TUfDXmmlgqij/NqzKq/eLelyv9xA==",
      "dependencies": [
        "dequal",
        "react",
        "use-sync-external-store"
      ]
    },
    "throttleit@2.1.0": {
      "integrity": "sha512-nt6AMGKW1p/70DF/hGBdJB57B8Tspmbp5gfJ8ilhLnt7kkr2ye7hzD6NVG8GGErk2HWF34igrL2CXmNIkzKqKw=="
    },
    "uglify-js@3.19.3": {
      "integrity": "sha512-v3Xu+yuwBXisp6QYTcH4UbH+xYJXqnq2m/LtQVWKWzYc1iehYnLixoQDN9FH6/j9/oybfd6W9Ghwkl8+UMKTKQ=="
    },
    "use-sync-external-store@1.4.0_react@19.0.0": {
      "integrity": "sha512-9WXSPC5fMv61vaupRkCKCxsPxBocVnwakBEkMIHHpkTTg6icbJtg6jzgtLDm4bl3cSHAca52rYWih0k4K3PfHw==",
      "dependencies": [
        "react"
      ]
    },
    "wordwrap@1.0.0": {
      "integrity": "sha512-gvVzJFlPycKc5dZN4yPkP8w7Dc37BtP1yczEneOb4uq34pXZcvrtRTmWV8W+Ume+XCxKgbjM+nevkyFPMybd4Q=="
    },
    "zod-to-json-schema@3.24.1_zod@3.24.1": {
      "integrity": "sha512-3h08nf3Vw3Wl3PK+q3ow/lIil81IT2Oa7YpQyUUDsEWbXveMesdfK1xBd2RhCkynwZndAxixji/7SYJJowr62w==",
      "dependencies": [
        "zod"
      ]
    },
    "zod@3.24.1": {
      "integrity": "sha512-muH7gBL9sI1nciMZV67X5fTKKBLtwpZ5VBp1vsOQzj1MhrBZ4wlVCm3gedKZWLp0Oyel8sIGfeiz54Su+OVT+A=="
    }
  },
  "workspace": {
    "dependencies": [
      "jsr:@std/assert@1",
      "npm:@ai-sdk/google@^1.1.10",
      "npm:@restatedev/restate-sdk-clients@^1.4.0",
      "npm:@restatedev/restate-sdk@^1.4.0",
      "npm:ai@^4.1.25",
      "npm:handlebars@^4.7.8",
      "npm:zod@^3.24.1"
    ]
  }
}
